
Microsoft Visual Studio Solution File, Format Version 12.00
# Visual Studio 15
VisualStudioVersion = 15.0.27004.2006
MinimumVisualStudioVersion = 10.0.40219.1
Project("{9A19103F-16F7-4668-BE54-9A1E7A4F7556}") = "01. Fill_the_Matrix", "01. Fill_the_Matrix\01. Fill_the_Matrix.csproj", "{5FF45DB0-38B2-480E-B5EF-82AA4FA6C4F7}"
EndProject
Project("{9A19103F-16F7-4668-BE54-9A1E7A4F7556}") = "02. Maximal_Sum", "02. Maximal_Sum\02. Maximal_Sum.csproj", "{D2984809-57CE-4C96-A69C-8535619E5397}"
EndProject
Project("{9A19103F-16F7-4668-BE54-9A1E7A4F7556}") = "03. Sequence_in_Matrix", "03. Sequence_in_Matrix\03. Sequence_in_Matrix.csproj", "{51354C65-9F59-40FA-B025-2F84C23B3B16}"
EndProject
Project("{9A19103F-16F7-4668-BE54-9A1E7A4F7556}") = "06. Largest_Area_in_Matrix", "06. Largest_Area_in_Matrix\06. Largest_Area_in_Matrix.csproj", "{B225C5C4-974E-4539-BC84-CB5964A9C0AA}"
EndProject
Project("{FAE04EC0-301F-11D3-BF4B-00C04F79EFBC}") = "05. Sort_String_by_Length", "05. Sort_String_by_Length\05. Sort_String_by_Length.csproj", "{5E6EBBBC-9E24-41EA-9AE8-82A83A231108}"
EndProject
Global
	GlobalSection(SolutionConfigurationPlatforms) = preSolution
		Debug|Any CPU = Debug|Any CPU
		Release|Any CPU = Release|Any CPU
	EndGlobalSection
	GlobalSection(ProjectConfigurationPlatforms) = postSolution
		{5FF45DB0-38B2-480E-B5EF-82AA4FA6C4F7}.Debug|Any CPU.ActiveCfg = Debug|Any CPU
		{5FF45DB0-38B2-480E-B5EF-82AA4FA6C4F7}.Debug|Any CPU.Build.0 = Debug|Any CPU
		{5FF45DB0-38B2-480E-B5EF-82AA4FA6C4F7}.Release|Any CPU.ActiveCfg = Release|Any CPU
		{5FF45DB0-38B2-480E-B5EF-82AA4FA6C4F7}.Release|Any CPU.Build.0 = Release|Any CPU
		{D2984809-57CE-4C96-A69C-8535619E5397}.Debug|Any CPU.ActiveCfg = Debug|Any CPU
		{D2984809-57CE-4C96-A69C-8535619E5397}.Debug|Any CPU.Build.0 = Debug|Any CPU
		{D2984809-57CE-4C96-A69C-8535619E5397}.Release|Any CPU.ActiveCfg = Release|Any CPU
		{D2984809-57CE-4C96-A69C-8535619E5397}.Release|Any CPU.Build.0 = Release|Any CPU
		{51354C65-9F59-40FA-B025-2F84C23B3B16}.Debug|Any CPU.ActiveCfg = Debug|Any CPU
		{51354C65-9F59-40FA-B025-2F84C23B3B16}.Debug|Any CPU.Build.0 = Debug|Any CPU
		{51354C65-9F59-40FA-B025-2F84C23B3B16}.Release|Any CPU.ActiveCfg = Release|Any CPU
		{51354C65-9F59-40FA-B025-2F84C23B3B16}.Release|Any CPU.Build.0 = Release|Any CPU
		{B225C5C4-974E-4539-BC84-CB5964A9C0AA}.Debug|Any CPU.ActiveCfg = Debug|Any CPU
		{B225C5C4-974E-4539-BC84-CB5964A9C0AA}.Debug|Any CPU.Build.0 = Debug|Any CPU
		{B225C5C4-974E-4539-BC84-CB5964A9C0AA}.Release|Any CPU.ActiveCfg = Release|Any CPU
		{B225C5C4-974E-4539-BC84-CB5964A9C0AA}.Release|Any CPU.Build.0 = Release|Any CPU
		{5E6EBBBC-9E24-41EA-9AE8-82A83A231108}.Debug|Any CPU.ActiveCfg = Debug|Any CPU
		{5E6EBBBC-9E24-41EA-9AE8-82A83A231108}.Debug|Any CPU.Build.0 = Debug|Any CPU
		{5E6EBBBC-9E24-41EA-9AE8-82A83A231108}.Release|Any CPU.ActiveCfg = Release|Any CPU
		{5E6EBBBC-9E24-41EA-9AE8-82A83A231108}.Release|Any CPU.Build.0 = Release|Any CPU
	EndGlobalSection
	GlobalSection(SolutionProperties) = preSolution
		HideSolutionNode = FALSE
	EndGlobalSection
	GlobalSection(ExtensibilityGlobals) = postSolution
		SolutionGuid = {EA729CE0-AFF8-414C-86E6-02EB82F02FFA}
	EndGlobalSection
EndGlobal
