
Microsoft Visual Studio Solution File, Format Version 12.00
# Visual Studio 15
VisualStudioVersion = 15.0.27130.2003
MinimumVisualStudioVersion = 10.0.40219.1
Project("{FAE04EC0-301F-11D3-BF4B-00C04F79EFBC}") = "01. School", "03. OOP_Principles_Part_1\01. School.csproj", "{C33E3B83-EDA5-4BB5-BA72-3FBBEB7DFE8D}"
EndProject
Project("{FAE04EC0-301F-11D3-BF4B-00C04F79EFBC}") = "02. Students_and_Workers", "02. Students_and_Workers\02. Students_and_Workers.csproj", "{C4FB963B-BE62-4E76-9E09-BAF7C8C8D857}"
EndProject
Project("{FAE04EC0-301F-11D3-BF4B-00C04F79EFBC}") = "03. Animal_Hierarchy", "03. Animal_Hierarchy\03. Animal_Hierarchy.csproj", "{7A7000AB-7D78-4601-A310-D7B1DF584D49}"
EndProject
Global
	GlobalSection(SolutionConfigurationPlatforms) = preSolution
		Debug|Any CPU = Debug|Any CPU
		Release|Any CPU = Release|Any CPU
	EndGlobalSection
	GlobalSection(ProjectConfigurationPlatforms) = postSolution
		{C33E3B83-EDA5-4BB5-BA72-3FBBEB7DFE8D}.Debug|Any CPU.ActiveCfg = Debug|Any CPU
		{C33E3B83-EDA5-4BB5-BA72-3FBBEB7DFE8D}.Debug|Any CPU.Build.0 = Debug|Any CPU
		{C33E3B83-EDA5-4BB5-BA72-3FBBEB7DFE8D}.Release|Any CPU.ActiveCfg = Release|Any CPU
		{C33E3B83-EDA5-4BB5-BA72-3FBBEB7DFE8D}.Release|Any CPU.Build.0 = Release|Any CPU
		{C4FB963B-BE62-4E76-9E09-BAF7C8C8D857}.Debug|Any CPU.ActiveCfg = Debug|Any CPU
		{C4FB963B-BE62-4E76-9E09-BAF7C8C8D857}.Debug|Any CPU.Build.0 = Debug|Any CPU
		{C4FB963B-BE62-4E76-9E09-BAF7C8C8D857}.Release|Any CPU.ActiveCfg = Release|Any CPU
		{C4FB963B-BE62-4E76-9E09-BAF7C8C8D857}.Release|Any CPU.Build.0 = Release|Any CPU
		{7A7000AB-7D78-4601-A310-D7B1DF584D49}.Debug|Any CPU.ActiveCfg = Debug|Any CPU
		{7A7000AB-7D78-4601-A310-D7B1DF584D49}.Debug|Any CPU.Build.0 = Debug|Any CPU
		{7A7000AB-7D78-4601-A310-D7B1DF584D49}.Release|Any CPU.ActiveCfg = Release|Any CPU
		{7A7000AB-7D78-4601-A310-D7B1DF584D49}.Release|Any CPU.Build.0 = Release|Any CPU
	EndGlobalSection
	GlobalSection(SolutionProperties) = preSolution
		HideSolutionNode = FALSE
	EndGlobalSection
	GlobalSection(ExtensibilityGlobals) = postSolution
		SolutionGuid = {438827D7-3E3A-4CFC-A041-EC666DA44E81}
	EndGlobalSection
EndGlobal
