
Microsoft Visual Studio Solution File, Format Version 12.00
# Visual Studio 15
VisualStudioVersion = 15.0.27428.2002
MinimumVisualStudioVersion = 10.0.40219.1
Project("{FAE04EC0-301F-11D3-BF4B-00C04F79EFBC}") = "Social_Network.Client", "Social_Network.Client\Social_Network.Client.csproj", "{AF99A162-9AF0-48D9-BBCD-CF22FB263C89}"
EndProject
Project("{FAE04EC0-301F-11D3-BF4B-00C04F79EFBC}") = "Social_Network.Data", "Social_Network.Data\Social_Network.Data.csproj", "{781F3F88-E8F4-4B90-98A9-6999AB6CC870}"
EndProject
Project("{FAE04EC0-301F-11D3-BF4B-00C04F79EFBC}") = "Social_Network.Models", "Social_Network.Models\Social_Network.Models.csproj", "{686933D6-8843-4B6B-BC14-626D64DB98F9}"
EndProject
Global
	GlobalSection(SolutionConfigurationPlatforms) = preSolution
		Debug|Any CPU = Debug|Any CPU
		Release|Any CPU = Release|Any CPU
	EndGlobalSection
	GlobalSection(ProjectConfigurationPlatforms) = postSolution
		{AF99A162-9AF0-48D9-BBCD-CF22FB263C89}.Debug|Any CPU.ActiveCfg = Debug|Any CPU
		{AF99A162-9AF0-48D9-BBCD-CF22FB263C89}.Debug|Any CPU.Build.0 = Debug|Any CPU
		{AF99A162-9AF0-48D9-BBCD-CF22FB263C89}.Release|Any CPU.ActiveCfg = Release|Any CPU
		{AF99A162-9AF0-48D9-BBCD-CF22FB263C89}.Release|Any CPU.Build.0 = Release|Any CPU
		{781F3F88-E8F4-4B90-98A9-6999AB6CC870}.Debug|Any CPU.ActiveCfg = Debug|Any CPU
		{781F3F88-E8F4-4B90-98A9-6999AB6CC870}.Debug|Any CPU.Build.0 = Debug|Any CPU
		{781F3F88-E8F4-4B90-98A9-6999AB6CC870}.Release|Any CPU.ActiveCfg = Release|Any CPU
		{781F3F88-E8F4-4B90-98A9-6999AB6CC870}.Release|Any CPU.Build.0 = Release|Any CPU
		{686933D6-8843-4B6B-BC14-626D64DB98F9}.Debug|Any CPU.ActiveCfg = Debug|Any CPU
		{686933D6-8843-4B6B-BC14-626D64DB98F9}.Debug|Any CPU.Build.0 = Debug|Any CPU
		{686933D6-8843-4B6B-BC14-626D64DB98F9}.Release|Any CPU.ActiveCfg = Release|Any CPU
		{686933D6-8843-4B6B-BC14-626D64DB98F9}.Release|Any CPU.Build.0 = Release|Any CPU
	EndGlobalSection
	GlobalSection(SolutionProperties) = preSolution
		HideSolutionNode = FALSE
	EndGlobalSection
	GlobalSection(ExtensibilityGlobals) = postSolution
		SolutionGuid = {268A60A3-F8E2-42CE-AC2E-E524634DBDF6}
	EndGlobalSection
EndGlobal
