
Microsoft Visual Studio Solution File, Format Version 12.00
# Visual Studio 15
VisualStudioVersion = 15.0.27130.2010
MinimumVisualStudioVersion = 10.0.40219.1
Project("{9A19103F-16F7-4668-BE54-9A1E7A4F7556}") = "01. Shapes", "01. Shapes\01. Shapes.csproj", "{F5313F7B-3591-4C1C-B46A-9375F44C5E7E}"
EndProject
Project("{9A19103F-16F7-4668-BE54-9A1E7A4F7556}") = "02. Bank_Account", "02. Bank_Account\02. Bank_Account.csproj", "{7891B57E-8A58-43E6-9DF9-A10D0675409B}"
EndProject
Project("{FAE04EC0-301F-11D3-BF4B-00C04F79EFBC}") = "03. Range_Exceptions", "03. Range_Exceptions\03. Range_Exceptions.csproj", "{19005925-B50E-447D-A2B2-622F9D494EA3}"
EndProject
Global
	GlobalSection(SolutionConfigurationPlatforms) = preSolution
		Debug|Any CPU = Debug|Any CPU
		Release|Any CPU = Release|Any CPU
	EndGlobalSection
	GlobalSection(ProjectConfigurationPlatforms) = postSolution
		{F5313F7B-3591-4C1C-B46A-9375F44C5E7E}.Debug|Any CPU.ActiveCfg = Debug|Any CPU
		{F5313F7B-3591-4C1C-B46A-9375F44C5E7E}.Debug|Any CPU.Build.0 = Debug|Any CPU
		{F5313F7B-3591-4C1C-B46A-9375F44C5E7E}.Release|Any CPU.ActiveCfg = Release|Any CPU
		{F5313F7B-3591-4C1C-B46A-9375F44C5E7E}.Release|Any CPU.Build.0 = Release|Any CPU
		{7891B57E-8A58-43E6-9DF9-A10D0675409B}.Debug|Any CPU.ActiveCfg = Debug|Any CPU
		{7891B57E-8A58-43E6-9DF9-A10D0675409B}.Debug|Any CPU.Build.0 = Debug|Any CPU
		{7891B57E-8A58-43E6-9DF9-A10D0675409B}.Release|Any CPU.ActiveCfg = Release|Any CPU
		{7891B57E-8A58-43E6-9DF9-A10D0675409B}.Release|Any CPU.Build.0 = Release|Any CPU
		{19005925-B50E-447D-A2B2-622F9D494EA3}.Debug|Any CPU.ActiveCfg = Debug|Any CPU
		{19005925-B50E-447D-A2B2-622F9D494EA3}.Debug|Any CPU.Build.0 = Debug|Any CPU
		{19005925-B50E-447D-A2B2-622F9D494EA3}.Release|Any CPU.ActiveCfg = Release|Any CPU
		{19005925-B50E-447D-A2B2-622F9D494EA3}.Release|Any CPU.Build.0 = Release|Any CPU
	EndGlobalSection
	GlobalSection(SolutionProperties) = preSolution
		HideSolutionNode = FALSE
	EndGlobalSection
	GlobalSection(ExtensibilityGlobals) = postSolution
		SolutionGuid = {4E998676-9FFC-475D-8A7C-B5B68CBBD244}
	EndGlobalSection
EndGlobal
