
Microsoft Visual Studio Solution File, Format Version 12.00
# Visual Studio 15
VisualStudioVersion = 15.0.27428.2002
MinimumVisualStudioVersion = 10.0.40219.1
Project("{FAE04EC0-301F-11D3-BF4B-00C04F79EFBC}") = "DB.Core", "DB.Core\DB.Core.csproj", "{80B88FA8-580D-4B91-8390-B376BC79F183}"
EndProject
Project("{FAE04EC0-301F-11D3-BF4B-00C04F79EFBC}") = "DB.Client", "DB.Client\DB.Client.csproj", "{D5804D01-1178-4000-8469-A51FD0CD2709}"
EndProject
Global
	GlobalSection(SolutionConfigurationPlatforms) = preSolution
		Debug|Any CPU = Debug|Any CPU
		Release|Any CPU = Release|Any CPU
	EndGlobalSection
	GlobalSection(ProjectConfigurationPlatforms) = postSolution
		{80B88FA8-580D-4B91-8390-B376BC79F183}.Debug|Any CPU.ActiveCfg = Debug|Any CPU
		{80B88FA8-580D-4B91-8390-B376BC79F183}.Debug|Any CPU.Build.0 = Debug|Any CPU
		{80B88FA8-580D-4B91-8390-B376BC79F183}.Release|Any CPU.ActiveCfg = Release|Any CPU
		{80B88FA8-580D-4B91-8390-B376BC79F183}.Release|Any CPU.Build.0 = Release|Any CPU
		{D5804D01-1178-4000-8469-A51FD0CD2709}.Debug|Any CPU.ActiveCfg = Debug|Any CPU
		{D5804D01-1178-4000-8469-A51FD0CD2709}.Debug|Any CPU.Build.0 = Debug|Any CPU
		{D5804D01-1178-4000-8469-A51FD0CD2709}.Release|Any CPU.ActiveCfg = Release|Any CPU
		{D5804D01-1178-4000-8469-A51FD0CD2709}.Release|Any CPU.Build.0 = Release|Any CPU
	EndGlobalSection
	GlobalSection(SolutionProperties) = preSolution
		HideSolutionNode = FALSE
	EndGlobalSection
	GlobalSection(ExtensibilityGlobals) = postSolution
		SolutionGuid = {7BEB694A-CBDF-485D-A848-A9E632E7C2ED}
	EndGlobalSection
EndGlobal
