
Microsoft Visual Studio Solution File, Format Version 12.00
# Visual Studio 15
VisualStudioVersion = 15.0.27130.2020
MinimumVisualStudioVersion = 10.0.40219.1
Project("{FAE04EC0-301F-11D3-BF4B-00C04F79EFBC}") = "01. N_nested_Loops", "01. N_nested_Loops\01. N_nested_Loops.csproj", "{68074247-6E1F-4DA5-9DEE-EE212774687D}"
EndProject
Project("{FAE04EC0-301F-11D3-BF4B-00C04F79EFBC}") = "02. Combinations_with_Duplicates", "02. Combinations_with_Duplicates\02. Combinations_with_Duplicates.csproj", "{46AEF6AE-DF5B-4BEF-97CF-AB0504733725}"
EndProject
Global
	GlobalSection(SolutionConfigurationPlatforms) = preSolution
		Debug|Any CPU = Debug|Any CPU
		Release|Any CPU = Release|Any CPU
	EndGlobalSection
	GlobalSection(ProjectConfigurationPlatforms) = postSolution
		{68074247-6E1F-4DA5-9DEE-EE212774687D}.Debug|Any CPU.ActiveCfg = Debug|Any CPU
		{68074247-6E1F-4DA5-9DEE-EE212774687D}.Debug|Any CPU.Build.0 = Debug|Any CPU
		{68074247-6E1F-4DA5-9DEE-EE212774687D}.Release|Any CPU.ActiveCfg = Release|Any CPU
		{68074247-6E1F-4DA5-9DEE-EE212774687D}.Release|Any CPU.Build.0 = Release|Any CPU
		{46AEF6AE-DF5B-4BEF-97CF-AB0504733725}.Debug|Any CPU.ActiveCfg = Debug|Any CPU
		{46AEF6AE-DF5B-4BEF-97CF-AB0504733725}.Debug|Any CPU.Build.0 = Debug|Any CPU
		{46AEF6AE-DF5B-4BEF-97CF-AB0504733725}.Release|Any CPU.ActiveCfg = Release|Any CPU
		{46AEF6AE-DF5B-4BEF-97CF-AB0504733725}.Release|Any CPU.Build.0 = Release|Any CPU
	EndGlobalSection
	GlobalSection(SolutionProperties) = preSolution
		HideSolutionNode = FALSE
	EndGlobalSection
	GlobalSection(ExtensibilityGlobals) = postSolution
		SolutionGuid = {69071784-C6F7-4A58-A9AC-4558F6CB184C}
	EndGlobalSection
EndGlobal
