
Microsoft Visual Studio Solution File, Format Version 12.00
# Visual Studio 15
VisualStudioVersion = 15.0.27130.2020
MinimumVisualStudioVersion = 10.0.40219.1
Project("{9A19103F-16F7-4668-BE54-9A1E7A4F7556}") = "01. Sequence_of_Numbers", "01. Sequence_of_Numbers\01. Sequence_of_Numbers.csproj", "{2E685DBC-53E0-463E-ADE3-DC9F033C5AE6}"
EndProject
Project("{9A19103F-16F7-4668-BE54-9A1E7A4F7556}") = "02. Reverse_Integers", "02. Reverse_Integers\02. Reverse_Integers.csproj", "{37CC023F-8D52-498E-95DA-E8D6F577451C}"
EndProject
Project("{9A19103F-16F7-4668-BE54-9A1E7A4F7556}") = "03. Sort_Sequence", "03. Sort_Sequence\03. Sort_Sequence.csproj", "{FC552A45-68F5-4304-8142-5820DEC392F6}"
EndProject
Project("{9A19103F-16F7-4668-BE54-9A1E7A4F7556}") = "04. Longest_Subsequence", "04. Longest_Subsequence\04. Longest_Subsequence.csproj", "{E987B163-32E2-496B-94A0-A0B1E4BBF39B}"
EndProject
Project("{9A19103F-16F7-4668-BE54-9A1E7A4F7556}") = "05. Remove_All_Negatives", "05. Remove_All_Negatives\05. Remove_All_Negatives.csproj", "{97914F92-1B8F-4CA3-B1E9-AAE42012F424}"
EndProject
Project("{9A19103F-16F7-4668-BE54-9A1E7A4F7556}") = "06. Remove_Odd_Occurences", "06. Remove_Odd_Occurences\06. Remove_Odd_Occurences.csproj", "{D42E5ACA-0542-4B10-86B8-464B42C452E9}"
EndProject
Project("{9A19103F-16F7-4668-BE54-9A1E7A4F7556}") = "07. Occurence", "07. Occurence\07. Occurence.csproj", "{756CC50D-B28E-4EA3-AE06-8AB1FCBF024B}"
EndProject
Project("{9A19103F-16F7-4668-BE54-9A1E7A4F7556}") = "09. Plus_One_Multiple_One", "09. Plus_One_Multiple_One\09. Plus_One_Multiple_One.csproj", "{266CF185-256E-48E6-8B20-7BFABEFC364C}"
EndProject
Project("{9A19103F-16F7-4668-BE54-9A1E7A4F7556}") = "08. Majorant", "08. Majorant\08. Majorant.csproj", "{FC537C0F-2DF8-4E1A-9ABA-E04BFDD8389F}"
EndProject
Project("{9A19103F-16F7-4668-BE54-9A1E7A4F7556}") = "10. Shortest_Sequence_of_Operations", "10. Shortest_Sequence_of_Operations\10. Shortest_Sequence_of_Operations.csproj", "{583BFE19-6595-4A52-A9CC-D94498597CDF}"
EndProject
Project("{FAE04EC0-301F-11D3-BF4B-00C04F79EFBC}") = "11. LinkedList_Implementation", "11. LinkedList_Implementation\11. LinkedList_Implementation.csproj", "{51995E85-D810-4E27-BEFC-843BBC024BFB}"
EndProject
Project("{FAE04EC0-301F-11D3-BF4B-00C04F79EFBC}") = "12. Stack_Implementation", "12. Stack_Implementation\12. Stack_Implementation.csproj", "{B7F64F7E-DEC2-45E0-84A8-46DFF2B2F9C6}"
EndProject
Project("{FAE04EC0-301F-11D3-BF4B-00C04F79EFBC}") = "13. Queue_Implementation", "13. Queue_Implementation\13. Queue_Implementation.csproj", "{AAC3356B-B4EE-464F-BDB0-A399BCB1DCB0}"
EndProject
Project("{FAE04EC0-301F-11D3-BF4B-00C04F79EFBC}") = "14. Labyrinth", "14. Labyrinth\14. Labyrinth.csproj", "{70D8B9B9-E025-46DA-B1F2-430CC9AAD884}"
EndProject
Global
	GlobalSection(SolutionConfigurationPlatforms) = preSolution
		Debug|Any CPU = Debug|Any CPU
		Release|Any CPU = Release|Any CPU
	EndGlobalSection
	GlobalSection(ProjectConfigurationPlatforms) = postSolution
		{2E685DBC-53E0-463E-ADE3-DC9F033C5AE6}.Debug|Any CPU.ActiveCfg = Debug|Any CPU
		{2E685DBC-53E0-463E-ADE3-DC9F033C5AE6}.Debug|Any CPU.Build.0 = Debug|Any CPU
		{2E685DBC-53E0-463E-ADE3-DC9F033C5AE6}.Release|Any CPU.ActiveCfg = Release|Any CPU
		{2E685DBC-53E0-463E-ADE3-DC9F033C5AE6}.Release|Any CPU.Build.0 = Release|Any CPU
		{37CC023F-8D52-498E-95DA-E8D6F577451C}.Debug|Any CPU.ActiveCfg = Debug|Any CPU
		{37CC023F-8D52-498E-95DA-E8D6F577451C}.Debug|Any CPU.Build.0 = Debug|Any CPU
		{37CC023F-8D52-498E-95DA-E8D6F577451C}.Release|Any CPU.ActiveCfg = Release|Any CPU
		{37CC023F-8D52-498E-95DA-E8D6F577451C}.Release|Any CPU.Build.0 = Release|Any CPU
		{FC552A45-68F5-4304-8142-5820DEC392F6}.Debug|Any CPU.ActiveCfg = Debug|Any CPU
		{FC552A45-68F5-4304-8142-5820DEC392F6}.Debug|Any CPU.Build.0 = Debug|Any CPU
		{FC552A45-68F5-4304-8142-5820DEC392F6}.Release|Any CPU.ActiveCfg = Release|Any CPU
		{FC552A45-68F5-4304-8142-5820DEC392F6}.Release|Any CPU.Build.0 = Release|Any CPU
		{E987B163-32E2-496B-94A0-A0B1E4BBF39B}.Debug|Any CPU.ActiveCfg = Debug|Any CPU
		{E987B163-32E2-496B-94A0-A0B1E4BBF39B}.Debug|Any CPU.Build.0 = Debug|Any CPU
		{E987B163-32E2-496B-94A0-A0B1E4BBF39B}.Release|Any CPU.ActiveCfg = Release|Any CPU
		{E987B163-32E2-496B-94A0-A0B1E4BBF39B}.Release|Any CPU.Build.0 = Release|Any CPU
		{97914F92-1B8F-4CA3-B1E9-AAE42012F424}.Debug|Any CPU.ActiveCfg = Debug|Any CPU
		{97914F92-1B8F-4CA3-B1E9-AAE42012F424}.Debug|Any CPU.Build.0 = Debug|Any CPU
		{97914F92-1B8F-4CA3-B1E9-AAE42012F424}.Release|Any CPU.ActiveCfg = Release|Any CPU
		{97914F92-1B8F-4CA3-B1E9-AAE42012F424}.Release|Any CPU.Build.0 = Release|Any CPU
		{D42E5ACA-0542-4B10-86B8-464B42C452E9}.Debug|Any CPU.ActiveCfg = Debug|Any CPU
		{D42E5ACA-0542-4B10-86B8-464B42C452E9}.Debug|Any CPU.Build.0 = Debug|Any CPU
		{D42E5ACA-0542-4B10-86B8-464B42C452E9}.Release|Any CPU.ActiveCfg = Release|Any CPU
		{D42E5ACA-0542-4B10-86B8-464B42C452E9}.Release|Any CPU.Build.0 = Release|Any CPU
		{756CC50D-B28E-4EA3-AE06-8AB1FCBF024B}.Debug|Any CPU.ActiveCfg = Debug|Any CPU
		{756CC50D-B28E-4EA3-AE06-8AB1FCBF024B}.Debug|Any CPU.Build.0 = Debug|Any CPU
		{756CC50D-B28E-4EA3-AE06-8AB1FCBF024B}.Release|Any CPU.ActiveCfg = Release|Any CPU
		{756CC50D-B28E-4EA3-AE06-8AB1FCBF024B}.Release|Any CPU.Build.0 = Release|Any CPU
		{266CF185-256E-48E6-8B20-7BFABEFC364C}.Debug|Any CPU.ActiveCfg = Debug|Any CPU
		{266CF185-256E-48E6-8B20-7BFABEFC364C}.Debug|Any CPU.Build.0 = Debug|Any CPU
		{266CF185-256E-48E6-8B20-7BFABEFC364C}.Release|Any CPU.ActiveCfg = Release|Any CPU
		{266CF185-256E-48E6-8B20-7BFABEFC364C}.Release|Any CPU.Build.0 = Release|Any CPU
		{FC537C0F-2DF8-4E1A-9ABA-E04BFDD8389F}.Debug|Any CPU.ActiveCfg = Debug|Any CPU
		{FC537C0F-2DF8-4E1A-9ABA-E04BFDD8389F}.Debug|Any CPU.Build.0 = Debug|Any CPU
		{FC537C0F-2DF8-4E1A-9ABA-E04BFDD8389F}.Release|Any CPU.ActiveCfg = Release|Any CPU
		{FC537C0F-2DF8-4E1A-9ABA-E04BFDD8389F}.Release|Any CPU.Build.0 = Release|Any CPU
		{583BFE19-6595-4A52-A9CC-D94498597CDF}.Debug|Any CPU.ActiveCfg = Debug|Any CPU
		{583BFE19-6595-4A52-A9CC-D94498597CDF}.Debug|Any CPU.Build.0 = Debug|Any CPU
		{583BFE19-6595-4A52-A9CC-D94498597CDF}.Release|Any CPU.ActiveCfg = Release|Any CPU
		{583BFE19-6595-4A52-A9CC-D94498597CDF}.Release|Any CPU.Build.0 = Release|Any CPU
		{51995E85-D810-4E27-BEFC-843BBC024BFB}.Debug|Any CPU.ActiveCfg = Debug|Any CPU
		{51995E85-D810-4E27-BEFC-843BBC024BFB}.Debug|Any CPU.Build.0 = Debug|Any CPU
		{51995E85-D810-4E27-BEFC-843BBC024BFB}.Release|Any CPU.ActiveCfg = Release|Any CPU
		{51995E85-D810-4E27-BEFC-843BBC024BFB}.Release|Any CPU.Build.0 = Release|Any CPU
		{B7F64F7E-DEC2-45E0-84A8-46DFF2B2F9C6}.Debug|Any CPU.ActiveCfg = Debug|Any CPU
		{B7F64F7E-DEC2-45E0-84A8-46DFF2B2F9C6}.Debug|Any CPU.Build.0 = Debug|Any CPU
		{B7F64F7E-DEC2-45E0-84A8-46DFF2B2F9C6}.Release|Any CPU.ActiveCfg = Release|Any CPU
		{B7F64F7E-DEC2-45E0-84A8-46DFF2B2F9C6}.Release|Any CPU.Build.0 = Release|Any CPU
		{AAC3356B-B4EE-464F-BDB0-A399BCB1DCB0}.Debug|Any CPU.ActiveCfg = Debug|Any CPU
		{AAC3356B-B4EE-464F-BDB0-A399BCB1DCB0}.Debug|Any CPU.Build.0 = Debug|Any CPU
		{AAC3356B-B4EE-464F-BDB0-A399BCB1DCB0}.Release|Any CPU.ActiveCfg = Release|Any CPU
		{AAC3356B-B4EE-464F-BDB0-A399BCB1DCB0}.Release|Any CPU.Build.0 = Release|Any CPU
		{70D8B9B9-E025-46DA-B1F2-430CC9AAD884}.Debug|Any CPU.ActiveCfg = Debug|Any CPU
		{70D8B9B9-E025-46DA-B1F2-430CC9AAD884}.Debug|Any CPU.Build.0 = Debug|Any CPU
		{70D8B9B9-E025-46DA-B1F2-430CC9AAD884}.Release|Any CPU.ActiveCfg = Release|Any CPU
		{70D8B9B9-E025-46DA-B1F2-430CC9AAD884}.Release|Any CPU.Build.0 = Release|Any CPU
	EndGlobalSection
	GlobalSection(SolutionProperties) = preSolution
		HideSolutionNode = FALSE
	EndGlobalSection
	GlobalSection(ExtensibilityGlobals) = postSolution
		SolutionGuid = {A15E0818-4F65-4EA3-9607-F40ADBEFA770}
	EndGlobalSection
EndGlobal
