
Microsoft Visual Studio Solution File, Format Version 12.00
# Visual Studio 15
VisualStudioVersion = 15.0.27130.2020
MinimumVisualStudioVersion = 10.0.40219.1
Project("{FAE04EC0-301F-11D3-BF4B-00C04F79EFBC}") = "SearchingHomework", "01. Searching_Algorithms\SearchingHomework.csproj", "{E642BCB7-2897-407B-ACD2-531F37D9E9B4}"
EndProject
Project("{FAE04EC0-301F-11D3-BF4B-00C04F79EFBC}") = "SortingHomework", "02. Sorting_Algorithms\SortingHomework.csproj", "{09C942DF-937C-4B4C-A18F-C7A87C300CF7}"
EndProject
Project("{FAE04EC0-301F-11D3-BF4B-00C04F79EFBC}") = "Tests", "Tests\Tests.csproj", "{7A82BB56-01D3-41F9-AA85-61721CF59312}"
EndProject
Global
	GlobalSection(SolutionConfigurationPlatforms) = preSolution
		Debug|Any CPU = Debug|Any CPU
		Release|Any CPU = Release|Any CPU
	EndGlobalSection
	GlobalSection(ProjectConfigurationPlatforms) = postSolution
		{E642BCB7-2897-407B-ACD2-531F37D9E9B4}.Debug|Any CPU.ActiveCfg = Debug|Any CPU
		{E642BCB7-2897-407B-ACD2-531F37D9E9B4}.Debug|Any CPU.Build.0 = Debug|Any CPU
		{E642BCB7-2897-407B-ACD2-531F37D9E9B4}.Release|Any CPU.ActiveCfg = Release|Any CPU
		{E642BCB7-2897-407B-ACD2-531F37D9E9B4}.Release|Any CPU.Build.0 = Release|Any CPU
		{09C942DF-937C-4B4C-A18F-C7A87C300CF7}.Debug|Any CPU.ActiveCfg = Debug|Any CPU
		{09C942DF-937C-4B4C-A18F-C7A87C300CF7}.Debug|Any CPU.Build.0 = Debug|Any CPU
		{09C942DF-937C-4B4C-A18F-C7A87C300CF7}.Release|Any CPU.ActiveCfg = Release|Any CPU
		{09C942DF-937C-4B4C-A18F-C7A87C300CF7}.Release|Any CPU.Build.0 = Release|Any CPU
		{7A82BB56-01D3-41F9-AA85-61721CF59312}.Debug|Any CPU.ActiveCfg = Debug|Any CPU
		{7A82BB56-01D3-41F9-AA85-61721CF59312}.Debug|Any CPU.Build.0 = Debug|Any CPU
		{7A82BB56-01D3-41F9-AA85-61721CF59312}.Release|Any CPU.ActiveCfg = Release|Any CPU
		{7A82BB56-01D3-41F9-AA85-61721CF59312}.Release|Any CPU.Build.0 = Release|Any CPU
	EndGlobalSection
	GlobalSection(SolutionProperties) = preSolution
		HideSolutionNode = FALSE
	EndGlobalSection
	GlobalSection(ExtensibilityGlobals) = postSolution
		SolutionGuid = {4DB3C76B-44D6-4A7F-824B-904B5C5C5CB8}
	EndGlobalSection
EndGlobal
